
Microsoft Visual Studio Solution File, Format Version 12.00
# Visual Studio Version 17
VisualStudioVersion = 17.14.36930.0 d17.14
MinimumVisualStudioVersion = 10.0.40219.1
Project("{54A90642-561A-4BB1-A94E-469ADEE60C69}") = "nocableapp.client", "nocableapp.client\nocableapp.client.esproj", "{F31B78E4-4AEE-AF89-F9D5-CAEBBB528C0F}"
EndProject
Project("{FAE04EC0-301F-11D3-BF4B-00C04F79EFBC}") = "NoCableApp.Server", "NoCableApp.Server\NoCableApp.Server.csproj", "{9FB74BBD-8864-4EE8-9816-25E9C59EBD68}"
EndProject
Global
	GlobalSection(SolutionConfigurationPlatforms) = preSolution
		Debug|Any CPU = Debug|Any CPU
		Release|Any CPU = Release|Any CPU
	EndGlobalSection
	GlobalSection(ProjectConfigurationPlatforms) = postSolution
		{F31B78E4-4AEE-AF89-F9D5-CAEBBB528C0F}.Debug|Any CPU.ActiveCfg = Debug|Any CPU
		{F31B78E4-4AEE-AF89-F9D5-CAEBBB528C0F}.Debug|Any CPU.Build.0 = Debug|Any CPU
		{F31B78E4-4AEE-AF89-F9D5-CAEBBB528C0F}.Debug|Any CPU.Deploy.0 = Debug|Any CPU
		{F31B78E4-4AEE-AF89-F9D5-CAEBBB528C0F}.Release|Any CPU.ActiveCfg = Release|Any CPU
		{F31B78E4-4AEE-AF89-F9D5-CAEBBB528C0F}.Release|Any CPU.Build.0 = Release|Any CPU
		{F31B78E4-4AEE-AF89-F9D5-CAEBBB528C0F}.Release|Any CPU.Deploy.0 = Release|Any CPU
		{9FB74BBD-8864-4EE8-9816-25E9C59EBD68}.Debug|Any CPU.ActiveCfg = Debug|Any CPU
		{9FB74BBD-8864-4EE8-9816-25E9C59EBD68}.Debug|Any CPU.Build.0 = Debug|Any CPU
		{9FB74BBD-8864-4EE8-9816-25E9C59EBD68}.Release|Any CPU.ActiveCfg = Release|Any CPU
		{9FB74BBD-8864-4EE8-9816-25E9C59EBD68}.Release|Any CPU.Build.0 = Release|Any CPU
	EndGlobalSection
	GlobalSection(SolutionProperties) = preSolution
		HideSolutionNode = FALSE
	EndGlobalSection
	GlobalSection(ExtensibilityGlobals) = postSolution
		SolutionGuid = {5B601569-83F7-4A65-B6EF-88AE996BB5A6}
	EndGlobalSection
EndGlobal
